
Microsoft Visual Studio Solution File, Format Version 12.00
# Visual Studio Version 16
VisualStudioVersion = 16.0.30330.147
MinimumVisualStudioVersion = 10.0.40219.1
Project("{FAE04EC0-301F-11D3-BF4B-00C04F79EFBC}") = "formularios", "formularios\formularios.csproj", "{30FA0F6F-763F-4DF4-AE39-58A51E495508}"
EndProject
Project("{FAE04EC0-301F-11D3-BF4B-00C04F79EFBC}") = "Clases", "Clases\Clases.csproj", "{EA0FB47B-C407-4EE8-843F-5CE02C7C16AE}"
EndProject
Global
	GlobalSection(SolutionConfigurationPlatforms) = preSolution
		Debug|Any CPU = Debug|Any CPU
		Release|Any CPU = Release|Any CPU
	EndGlobalSection
	GlobalSection(ProjectConfigurationPlatforms) = postSolution
		{30FA0F6F-763F-4DF4-AE39-58A51E495508}.Debug|Any CPU.ActiveCfg = Debug|Any CPU
		{30FA0F6F-763F-4DF4-AE39-58A51E495508}.Debug|Any CPU.Build.0 = Debug|Any CPU
		{30FA0F6F-763F-4DF4-AE39-58A51E495508}.Release|Any CPU.ActiveCfg = Release|Any CPU
		{30FA0F6F-763F-4DF4-AE39-58A51E495508}.Release|Any CPU.Build.0 = Release|Any CPU
		{EA0FB47B-C407-4EE8-843F-5CE02C7C16AE}.Debug|Any CPU.ActiveCfg = Debug|Any CPU
		{EA0FB47B-C407-4EE8-843F-5CE02C7C16AE}.Debug|Any CPU.Build.0 = Debug|Any CPU
		{EA0FB47B-C407-4EE8-843F-5CE02C7C16AE}.Release|Any CPU.ActiveCfg = Release|Any CPU
		{EA0FB47B-C407-4EE8-843F-5CE02C7C16AE}.Release|Any CPU.Build.0 = Release|Any CPU
	EndGlobalSection
	GlobalSection(SolutionProperties) = preSolution
		HideSolutionNode = FALSE
	EndGlobalSection
	GlobalSection(ExtensibilityGlobals) = postSolution
		SolutionGuid = {96247A6C-DCC5-495D-A328-4D962E378488}
	EndGlobalSection
EndGlobal
